github.com/go-sql-driver/mysql v1.7.1 h1:lUIinVbN1DY0xBg0eMOzmmtGoHwWBbvnWubQUrtU8EI=
github.com/go-sql-driver/mysql v1.7.1/go.mod h1:OXbVy3sEdcQ2Doequ6Z5BW6fXNQTmx+9S1MCJN5yJMI=
github.com/gomodule/oauth1 v0.2.0 h1:/nNHAD99yipOEspQFbAnNmwGTZ1UNXiD/+JLxwx79fo=
github.com/gomodule/oauth1 v0.2.0/go.mod h1:4r/a8/3RkhMBxJQWL5qzbOEcaQmNPIkNoI7P8sXeI08=
go.mozilla.org/pkcs7 v0.0.0-20210826202110-33d05740a352 h1:CCriYyAfq1Br1aIYettdHZTy8mBTIPo7We18TuO/bak=
go.mozilla.org/pkcs7 v0.0.0-20210826202110-33d05740a352/go.mod h1:SNgMg+EgDFwmvSmLRTNKC5fegJjB7v23qTQ0XLGUNHk=
